
Microsoft Visual Studio Solution File, Format Version 12.00
# Visual Studio Version 17
VisualStudioVersion = 17.4.33213.308
MinimumVisualStudioVersion = 10.0.40219.1
Project("{FAE04EC0-301F-11D3-BF4B-00C04F79EFBC}") = "tamrin_5", "tamrin_5\tamrin_5.csproj", "{700CDBE3-7E41-460E-9F02-F6D658D1A147}"
EndProject
Global
	GlobalSection(SolutionConfigurationPlatforms) = preSolution
		Debug|Any CPU = Debug|Any CPU
		Release|Any CPU = Release|Any CPU
	EndGlobalSection
	GlobalSection(ProjectConfigurationPlatforms) = postSolution
		{700CDBE3-7E41-460E-9F02-F6D658D1A147}.Debug|Any CPU.ActiveCfg = Debug|Any CPU
		{700CDBE3-7E41-460E-9F02-F6D658D1A147}.Debug|Any CPU.Build.0 = Debug|Any CPU
		{700CDBE3-7E41-460E-9F02-F6D658D1A147}.Release|Any CPU.ActiveCfg = Release|Any CPU
		{700CDBE3-7E41-460E-9F02-F6D658D1A147}.Release|Any CPU.Build.0 = Release|Any CPU
	EndGlobalSection
	GlobalSection(SolutionProperties) = preSolution
		HideSolutionNode = FALSE
	EndGlobalSection
	GlobalSection(ExtensibilityGlobals) = postSolution
		SolutionGuid = {957136DC-C49E-480B-935C-1CD95B6F4722}
	EndGlobalSection
EndGlobal
