
Microsoft Visual Studio Solution File, Format Version 12.00
# Visual Studio Version 17
VisualStudioVersion = 17.4.33213.308
MinimumVisualStudioVersion = 10.0.40219.1
Project("{FAE04EC0-301F-11D3-BF4B-00C04F79EFBC}") = "Tamrin_3", "Tamrin_3\Tamrin_3.csproj", "{F7B349DD-27B5-42CE-8BA7-BE823A9A21A8}"
EndProject
Global
	GlobalSection(SolutionConfigurationPlatforms) = preSolution
		Debug|Any CPU = Debug|Any CPU
		Release|Any CPU = Release|Any CPU
	EndGlobalSection
	GlobalSection(ProjectConfigurationPlatforms) = postSolution
		{F7B349DD-27B5-42CE-8BA7-BE823A9A21A8}.Debug|Any CPU.ActiveCfg = Debug|Any CPU
		{F7B349DD-27B5-42CE-8BA7-BE823A9A21A8}.Debug|Any CPU.Build.0 = Debug|Any CPU
		{F7B349DD-27B5-42CE-8BA7-BE823A9A21A8}.Release|Any CPU.ActiveCfg = Release|Any CPU
		{F7B349DD-27B5-42CE-8BA7-BE823A9A21A8}.Release|Any CPU.Build.0 = Release|Any CPU
	EndGlobalSection
	GlobalSection(SolutionProperties) = preSolution
		HideSolutionNode = FALSE
	EndGlobalSection
	GlobalSection(ExtensibilityGlobals) = postSolution
		SolutionGuid = {3B7CC04D-FC23-466B-88A5-07B50C234587}
	EndGlobalSection
EndGlobal
